
Microsoft Visual Studio Solution File, Format Version 12.00
# Visual Studio Version 16
VisualStudioVersion = 16.0.30114.105
MinimumVisualStudioVersion = 10.0.40219.1
Project("{FAE04EC0-301F-11D3-BF4B-00C04F79EFBC}") = "MobileGroomersAPI", "MobileGroomersAPI\MobileGroomersAPI.csproj", "{6CC72959-3483-4217-BB5C-9E6B08030034}"
EndProject
Project("{FAE04EC0-301F-11D3-BF4B-00C04F79EFBC}") = "MobileGroomersDL", "MobileGroomersDL\MobileGroomersDL.csproj", "{FEBE5A37-1697-4BDD-A75C-8711F2A7B21C}"
EndProject
Project("{FAE04EC0-301F-11D3-BF4B-00C04F79EFBC}") = "MobileGrommersBL", "MobileGroomersBL\MobileGrommersBL.csproj", "{D79455A1-7367-44D5-B058-ECF6F3CAE30A}"
EndProject
Project("{FAE04EC0-301F-11D3-BF4B-00C04F79EFBC}") = "MobileGroomers", "MobileGroomersModels\MobileGroomers.csproj", "{70BBBF18-C2FC-4E97-947C-E41B8E4E5050}"
EndProject
Global
	GlobalSection(SolutionConfigurationPlatforms) = preSolution
		Debug|Any CPU = Debug|Any CPU
		Release|Any CPU = Release|Any CPU
	EndGlobalSection
	GlobalSection(SolutionProperties) = preSolution
		HideSolutionNode = FALSE
	EndGlobalSection
	GlobalSection(ProjectConfigurationPlatforms) = postSolution
		{CF448897-1CE9-495B-ACEB-00EC736D89AC}.Debug|Any CPU.ActiveCfg = Debug|Any CPU
		{CF448897-1CE9-495B-ACEB-00EC736D89AC}.Debug|Any CPU.Build.0 = Debug|Any CPU
		{CF448897-1CE9-495B-ACEB-00EC736D89AC}.Release|Any CPU.ActiveCfg = Release|Any CPU
		{CF448897-1CE9-495B-ACEB-00EC736D89AC}.Release|Any CPU.Build.0 = Release|Any CPU
		{D4189362-F247-4DB9-8402-F9BACCF1DC1D}.Debug|Any CPU.ActiveCfg = Debug|Any CPU
		{D4189362-F247-4DB9-8402-F9BACCF1DC1D}.Debug|Any CPU.Build.0 = Debug|Any CPU
		{D4189362-F247-4DB9-8402-F9BACCF1DC1D}.Release|Any CPU.ActiveCfg = Release|Any CPU
		{D4189362-F247-4DB9-8402-F9BACCF1DC1D}.Release|Any CPU.Build.0 = Release|Any CPU
		{15B3248C-08DF-4FC9-ADE8-1AE46491171E}.Debug|Any CPU.ActiveCfg = Debug|Any CPU
		{15B3248C-08DF-4FC9-ADE8-1AE46491171E}.Debug|Any CPU.Build.0 = Debug|Any CPU
		{15B3248C-08DF-4FC9-ADE8-1AE46491171E}.Release|Any CPU.ActiveCfg = Release|Any CPU
		{15B3248C-08DF-4FC9-ADE8-1AE46491171E}.Release|Any CPU.Build.0 = Release|Any CPU
		{D2EBCA48-CF95-48FC-95D7-09AB7F283388}.Debug|Any CPU.ActiveCfg = Debug|Any CPU
		{D2EBCA48-CF95-48FC-95D7-09AB7F283388}.Debug|Any CPU.Build.0 = Debug|Any CPU
		{D2EBCA48-CF95-48FC-95D7-09AB7F283388}.Release|Any CPU.ActiveCfg = Release|Any CPU
		{D2EBCA48-CF95-48FC-95D7-09AB7F283388}.Release|Any CPU.Build.0 = Release|Any CPU
	EndGlobalSection
EndGlobal
